// !$*UTF8*$!
{
	archiveVersion = 1;
	classes = {
	};
	objectVersion = 77;
	objects = {

/* Begin PBXContainerItemProxy section */
		368469692D03490D007DDAB5 /* PBXContainerItemProxy */ = {
			isa = PBXContainerItemProxy;
			containerPortal = 368469502D03490C007DDAB5 /* Project object */;
			proxyType = 1;
			remoteGlobalIDString = 368469572D03490C007DDAB5;
			remoteInfo = AppleTossUp;
		};
		368469732D03490D007DDAB5 /* PBXContainerItemProxy */ = {
			isa = PBXContainerItemProxy;
			containerPortal = 368469502D03490C007DDAB5 /* Project object */;
			proxyType = 1;
			remoteGlobalIDString = 368469572D03490C007DDAB5;
			remoteInfo = AppleTossUp;
		};
/* End PBXContainerItemProxy section */

/* Begin PBXFileReference section */
		368469582D03490C007DDAB5 /* AppleTossUp.app */ = {isa = PBXFileReference; explicitFileType = wrapper.application; includeInIndex = 0; path = AppleTossUp.app; sourceTree = BUILT_PRODUCTS_DIR; };
		368469682D03490D007DDAB5 /* AppleTossUpTests.xctest */ = {isa = PBXFileReference; explicitFileType = wrapper.cfbundle; includeInIndex = 0; path = AppleTossUpTests.xctest; sourceTree = BUILT_PRODUCTS_DIR; };
		368469722D03490D007DDAB5 /* AppleTossUpUITests.xctest */ = {isa = PBXFileReference; explicitFileType = wrapper.cfbundle; includeInIndex = 0; path = AppleTossUpUITests.xctest; sourceTree = BUILT_PRODUCTS_DIR; };
/* End PBXFileReference section */

/* Begin PBXFileSystemSynchronizedRootGroup section */
		3684695A2D03490C007DDAB5 /* AppleTossUp */ = {
			isa = PBXFileSystemSynchronizedRootGroup;
			path = AppleTossUp;
			sourceTree = "<group>";
		};
		3684696B2D03490D007DDAB5 /* AppleTossUpTests */ = {
			isa = PBXFileSystemSynchronizedRootGroup;
			path = AppleTossUpTests;
			sourceTree = "<group>";
		};
		368469752D03490D007DDAB5 /* AppleTossUpUITests */ = {
			isa = PBXFileSystemSynchronizedRootGroup;
			path = AppleTossUpUITests;
			sourceTree = "<group>";
		};
/* End PBXFileSystemSynchronizedRootGroup section */

/* Begin PBXFrameworksBuildPhase section */
		368469552D03490C007DDAB5 /* Frameworks */ = {
			isa = PBXFrameworksBuildPhase;
			buildActionMask = 2147483647;
			files = (
			);
			runOnlyForDeploymentPostprocessing = 0;
		};
		368469652D03490D007DDAB5 /* Frameworks */ = {
			isa = PBXFrameworksBuildPhase;
			buildActionMask = 2147483647;
			files = (
			);
			runOnlyForDeploymentPostprocessing = 0;
		};
		3684696F2D03490D007DDAB5 /* Frameworks */ = {
			isa = PBXFrameworksBuildPhase;
			buildActionMask = 2147483647;
			files = (
			);
			runOnlyForDeploymentPostprocessing = 0;
		};
/* End PBXFrameworksBuildPhase section */

/* Begin PBXGroup section */
		3684694F2D03490C007DDAB5 = {
			isa = PBXGroup;
			children = (
				3684695A2D03490C007DDAB5 /* AppleTossUp */,
				3684696B2D03490D007DDAB5 /* AppleTossUpTests */,
				368469752D03490D007DDAB5 /* AppleTossUpUITests */,
				368469592D03490C007DDAB5 /* Products */,
			);
			sourceTree = "<group>";
		};
		368469592D03490C007DDAB5 /* Products */ = {
			isa = PBXGroup;
			children = (
				368469582D03490C007DDAB5 /* AppleTossUp.app */,
				368469682D03490D007DDAB5 /* AppleTossUpTests.xctest */,
				368469722D03490D007DDAB5 /* AppleTossUpUITests.xctest */,
			);
			name = Products;
			sourceTree = "<group>";
		};
/* End PBXGroup section */

/* Begin PBXNativeTarget section */
		368469572D03490C007DDAB5 /* AppleTossUp */ = {
			isa = PBXNativeTarget;
			buildConfigurationList = 3684697C2D03490D007DDAB5 /* Build configuration list for PBXNativeTarget "AppleTossUp" */;
			buildPhases = (
				368469542D03490C007DDAB5 /* Sources */,
				368469552D03490C007DDAB5 /* Frameworks */,
				368469562D03490C007DDAB5 /* Resources */,
			);
			buildRules = (
			);
			dependencies = (
			);
			fileSystemSynchronizedGroups = (
				3684695A2D03490C007DDAB5 /* AppleTossUp */,
			);
			name = AppleTossUp;
			packageProductDependencies = (
			);
			productName = AppleTossUp;
			productReference = 368469582D03490C007DDAB5 /* AppleTossUp.app */;
			productType = "com.apple.product-type.application";
		};
		368469672D03490D007DDAB5 /* AppleTossUpTests */ = {
			isa = PBXNativeTarget;
			buildConfigurationList = 3684697F2D03490D007DDAB5 /* Build configuration list for PBXNativeTarget "AppleTossUpTests" */;
			buildPhases = (
				368469642D03490D007DDAB5 /* Sources */,
				368469652D03490D007DDAB5 /* Frameworks */,
				368469662D03490D007DDAB5 /* Resources */,
			);
			buildRules = (
			);
			dependencies = (
				3684696A2D03490D007DDAB5 /* PBXTargetDependency */,
			);
			fileSystemSynchronizedGroups = (
				3684696B2D03490D007DDAB5 /* AppleTossUpTests */,
			);
			name = AppleTossUpTests;
			packageProductDependencies = (
			);
			productName = AppleTossUpTests;
			productReference = 368469682D03490D007DDAB5 /* AppleTossUpTests.xctest */;
			productType = "com.apple.product-type.bundle.unit-test";
		};
		368469712D03490D007DDAB5 /* AppleTossUpUITests */ = {
			isa = PBXNativeTarget;
			buildConfigurationList = 368469822D03490D007DDAB5 /* Build configuration list for PBXNativeTarget "AppleTossUpUITests" */;
			buildPhases = (
				3684696E2D03490D007DDAB5 /* Sources */,
				3684696F2D03490D007DDAB5 /* Frameworks */,
				368469702D03490D007DDAB5 /* Resources */,
			);
			buildRules = (
			);
			dependencies = (
				368469742D03490D007DDAB5 /* PBXTargetDependency */,
			);
			fileSystemSynchronizedGroups = (
				368469752D03490D007DDAB5 /* AppleTossUpUITests */,
			);
			name = AppleTossUpUITests;
			packageProductDependencies = (
			);
			productName = AppleTossUpUITests;
			productReference = 368469722D03490D007DDAB5 /* AppleTossUpUITests.xctest */;
			productType = "com.apple.product-type.bundle.ui-testing";
		};
/* End PBXNativeTarget section */

/* Begin PBXProject section */
		368469502D03490C007DDAB5 /* Project object */ = {
			isa = PBXProject;
			attributes = {
				BuildIndependentTargetsInParallel = 1;
				LastSwiftUpdateCheck = 1600;
				LastUpgradeCheck = 1600;
				TargetAttributes = {
					368469572D03490C007DDAB5 = {
						CreatedOnToolsVersion = 16.0;
					};
					368469672D03490D007DDAB5 = {
						CreatedOnToolsVersion = 16.0;
						TestTargetID = 368469572D03490C007DDAB5;
					};
					368469712D03490D007DDAB5 = {
						CreatedOnToolsVersion = 16.0;
						TestTargetID = 368469572D03490C007DDAB5;
					};
				};
			};
			buildConfigurationList = 368469532D03490C007DDAB5 /* Build configuration list for PBXProject "AppleTossUp" */;
			developmentRegion = en;
			hasScannedForEncodings = 0;
			knownRegions = (
				en,
				Base,
			);
			mainGroup = 3684694F2D03490C007DDAB5;
			minimizedProjectReferenceProxies = 1;
			preferredProjectObjectVersion = 77;
			productRefGroup = 368469592D03490C007DDAB5 /* Products */;
			projectDirPath = "";
			projectRoot = "";
			targets = (
				368469572D03490C007DDAB5 /* AppleTossUp */,
				368469672D03490D007DDAB5 /* AppleTossUpTests */,
				368469712D03490D007DDAB5 /* AppleTossUpUITests */,
			);
		};
/* End PBXProject section */

/* Begin PBXResourcesBuildPhase section */
		368469562D03490C007DDAB5 /* Resources */ = {
			isa = PBXResourcesBuildPhase;
			buildActionMask = 2147483647;
			files = (
			);
			runOnlyForDeploymentPostprocessing = 0;
		};
		368469662D03490D007DDAB5 /* Resources */ = {
			isa = PBXResourcesBuildPhase;
			buildActionMask = 2147483647;
			files = (
			);
			runOnlyForDeploymentPostprocessing = 0;
		};
		368469702D03490D007DDAB5 /* Resources */ = {
			isa = PBXResourcesBuildPhase;
			buildActionMask = 2147483647;
			files = (
			);
			runOnlyForDeploymentPostprocessing = 0;
		};
/* End PBXResourcesBuildPhase section */

/* Begin PBXSourcesBuildPhase section */
		368469542D03490C007DDAB5 /* Sources */ = {
			isa = PBXSourcesBuildPhase;
			buildActionMask = 2147483647;
			files = (
			);
			runOnlyForDeploymentPostprocessing = 0;
		};
		368469642D03490D007DDAB5 /* Sources */ = {
			isa = PBXSourcesBuildPhase;
			buildActionMask = 2147483647;
			files = (
			);
			runOnlyForDeploymentPostprocessing = 0;
		};
		3684696E2D03490D007DDAB5 /* Sources */ = {
			isa = PBXSourcesBuildPhase;
			buildActionMask = 2147483647;
			files = (
			);
			runOnlyForDeploymentPostprocessing = 0;
		};
/* End PBXSourcesBuildPhase section */

/* Begin PBXTargetDependency section */
		3684696A2D03490D007DDAB5 /* PBXTargetDependency */ = {
			isa = PBXTargetDependency;
			target = 368469572D03490C007DDAB5 /* AppleTossUp */;
			targetProxy = 368469692D03490D007DDAB5 /* PBXContainerItemProxy */;
		};
		368469742D03490D007DDAB5 /* PBXTargetDependency */ = {
			isa = PBXTargetDependency;
			target = 368469572D03490C007DDAB5 /* AppleTossUp */;
			targetProxy = 368469732D03490D007DDAB5 /* PBXContainerItemProxy */;
		};
/* End PBXTargetDependency section */

/* Begin XCBuildConfiguration section */
		3684697A2D03490D007DDAB5 /* Debug */ = {
			isa = XCBuildConfiguration;
			buildSettings = {
				ALWAYS_SEARCH_USER_PATHS = NO;
				ASSETCATALOG_COMPILER_GENERATE_SWIFT_ASSET_SYMBOL_EXTENSIONS = YES;
				CLANG_ANALYZER_NONNULL = YES;
				CLANG_ANALYZER_NUMBER_OBJECT_CONVERSION = YES_AGGRESSIVE;
				CLANG_CXX_LANGUAGE_STANDARD = "gnu++20";
				CLANG_ENABLE_MODULES = YES;
				CLANG_ENABLE_OBJC_ARC = YES;
				CLANG_ENABLE_OBJC_WEAK = YES;
				CLANG_WARN_BLOCK_CAPTURE_AUTORELEASING = YES;
				CLANG_WARN_BOOL_CONVERSION = YES;
				CLANG_WARN_COMMA = YES;
				CLANG_WARN_CONSTANT_CONVERSION = YES;
				CLANG_WARN_DEPRECATED_OBJC_IMPLEMENTATIONS = YES;
				CLANG_WARN_DIRECT_OBJC_ISA_USAGE = YES_ERROR;
				CLANG_WARN_DOCUMENTATION_COMMENTS = YES;
				CLANG_WARN_EMPTY_BODY = YES;
				CLANG_WARN_ENUM_CONVERSION = YES;
				CLANG_WARN_INFINITE_RECURSION = YES;
				CLANG_WARN_INT_CONVERSION = YES;
				CLANG_WARN_NON_LITERAL_NULL_CONVERSION = YES;
				CLANG_WARN_OBJC_IMPLICIT_RETAIN_SELF = YES;
				CLANG_WARN_OBJC_LITERAL_CONVERSION = YES;
				CLANG_WARN_OBJC_ROOT_CLASS = YES_ERROR;
				CLANG_WARN_QUOTED_INCLUDE_IN_FRAMEWORK_HEADER = YES;
				CLANG_WARN_RANGE_LOOP_ANALYSIS = YES;
				CLANG_WARN_STRICT_PROTOTYPES = YES;
				CLANG_WARN_SUSPICIOUS_MOVE = YES;
				CLANG_WARN_UNGUARDED_AVAILABILITY = YES_AGGRESSIVE;
				CLANG_WARN_UNREACHABLE_CODE = YES;
				CLANG_WARN__DUPLICATE_METHOD_MATCH = YES;
				COPY_PHASE_STRIP = NO;
				DEBUG_INFORMATION_FORMAT = dwarf;
				ENABLE_STRICT_OBJC_MSGSEND = YES;
				ENABLE_TESTABILITY = YES;
				ENABLE_USER_SCRIPT_SANDBOXING = YES;
				GCC_C_LANGUAGE_STANDARD = gnu17;
				GCC_DYNAMIC_NO_PIC = NO;
				GCC_NO_COMMON_BLOCKS = YES;
				GCC_OPTIMIZATION_LEVEL = 0;
				GCC_PREPROCESSOR_DEFINITIONS = (
					"DEBUG=1",
					"$(inherited)",
				);
				GCC_WARN_64_TO_32_BIT_CONVERSION = YES;
				GCC_WARN_ABOUT_RETURN_TYPE = YES_ERROR;
				GCC_WARN_UNDECLARED_SELECTOR = YES;
				GCC_WARN_UNINITIALIZED_AUTOS = YES_AGGRESSIVE;
				GCC_WARN_UNUSED_FUNCTION = YES;
				GCC_WARN_UNUSED_VARIABLE = YES;
				IPHONEOS_DEPLOYMENT_TARGET = 18.0;
				LOCALIZATION_PREFERS_STRING_CATALOGS = YES;
				MTL_ENABLE_DEBUG_INFO = INCLUDE_SOURCE;
				MTL_FAST_MATH = YES;
				ONLY_ACTIVE_ARCH = YES;
				SDKROOT = iphoneos;
				SWIFT_ACTIVE_COMPILATION_CONDITIONS = "DEBUG $(inherited)";
				SWIFT_OPTIMIZATION_LEVEL = "-Onone";
			};
			name = Debug;
		};
		3684697B2D03490D007DDAB5 /* Release */ = {
			isa = XCBuildConfiguration;
			buildSettings = {
				ALWAYS_SEARCH_USER_PATHS = NO;
				ASSETCATALOG_COMPILER_GENERATE_SWIFT_ASSET_SYMBOL_EXTENSIONS = YES;
				CLANG_ANALYZER_NONNULL = YES;
				CLANG_ANALYZER_NUMBER_OBJECT_CONVERSION = YES_AGGRESSIVE;
				CLANG_CXX_LANGUAGE_STANDARD = "gnu++20";
				CLANG_ENABLE_MODULES = YES;
				CLANG_ENABLE_OBJC_ARC = YES;
				CLANG_ENABLE_OBJC_WEAK = YES;
				CLANG_WARN_BLOCK_CAPTURE_AUTORELEASING = YES;
				CLANG_WARN_BOOL_CONVERSION = YES;
				CLANG_WARN_COMMA = YES;
				CLANG_WARN_CONSTANT_CONVERSION = YES;
				CLANG_WARN_DEPRECATED_OBJC_IMPLEMENTATIONS = YES;
				CLANG_WARN_DIRECT_OBJC_ISA_USAGE = YES_ERROR;
				CLANG_WARN_DOCUMENTATION_COMMENTS = YES;
				CLANG_WARN_EMPTY_BODY = YES;
				CLANG_WARN_ENUM_CONVERSION = YES;
				CLANG_WARN_INFINITE_RECURSION = YES;
				CLANG_WARN_INT_CONVERSION = YES;
				CLANG_WARN_NON_LITERAL_NULL_CONVERSION = YES;
				CLANG_WARN_OBJC_IMPLICIT_RETAIN_SELF = YES;
				CLANG_WARN_OBJC_LITERAL_CONVERSION = YES;
				CLANG_WARN_OBJC_ROOT_CLASS = YES_ERROR;
				CLANG_WARN_QUOTED_INCLUDE_IN_FRAMEWORK_HEADER = YES;
				CLANG_WARN_RANGE_LOOP_ANALYSIS = YES;
				CLANG_WARN_STRICT_PROTOTYPES = YES;
				CLANG_WARN_SUSPICIOUS_MOVE = YES;
				CLANG_WARN_UNGUARDED_AVAILABILITY = YES_AGGRESSIVE;
				CLANG_WARN_UNREACHABLE_CODE = YES;
				CLANG_WARN__DUPLICATE_METHOD_MATCH = YES;
				COPY_PHASE_STRIP = NO;
				DEBUG_INFORMATION_FORMAT = "dwarf-with-dsym";
				ENABLE_NS_ASSERTIONS = NO;
				ENABLE_STRICT_OBJC_MSGSEND = YES;
				ENABLE_USER_SCRIPT_SANDBOXING = YES;
				GCC_C_LANGUAGE_STANDARD = gnu17;
				GCC_NO_COMMON_BLOCKS = YES;
				GCC_WARN_64_TO_32_BIT_CONVERSION = YES;
				GCC_WARN_ABOUT_RETURN_TYPE = YES_ERROR;
				GCC_WARN_UNDECLARED_SELECTOR = YES;
				GCC_WARN_UNINITIALIZED_AUTOS = YES_AGGRESSIVE;
				GCC_WARN_UNUSED_FUNCTION = YES;
				GCC_WARN_UNUSED_VARIABLE = YES;
				IPHONEOS_DEPLOYMENT_TARGET = 18.0;
				LOCALIZATION_PREFERS_STRING_CATALOGS = YES;
				MTL_ENABLE_DEBUG_INFO = NO;
				MTL_FAST_MATH = YES;
				SDKROOT = iphoneos;
				SWIFT_COMPILATION_MODE = wholemodule;
				VALIDATE_PRODUCT = YES;
			};
			name = Release;
		};
		3684697D2D03490D007DDAB5 /* Debug */ = {
			isa = XCBuildConfiguration;
			buildSettings = {
				ASSETCATALOG_COMPILER_APPICON_NAME = AppIcon;
				ASSETCATALOG_COMPILER_GLOBAL_ACCENT_COLOR_NAME = AccentColor;
				CODE_SIGN_STYLE = Automatic;
				CURRENT_PROJECT_VERSION = 1;
				DEVELOPMENT_ASSET_PATHS = "\"AppleTossUp/Preview Content\"";
				DEVELOPMENT_TEAM = FUFFAUKVY9;
				ENABLE_PREVIEWS = YES;
				GENERATE_INFOPLIST_FILE = YES;
				INFOPLIST_KEY_UIApplicationSceneManifest_Generation = YES;
				INFOPLIST_KEY_UIApplicationSupportsIndirectInputEvents = YES;
				INFOPLIST_KEY_UILaunchScreen_Generation = YES;
				INFOPLIST_KEY_UISupportedInterfaceOrientations_iPad = "UIInterfaceOrientationPortrait UIInterfaceOrientationPortraitUpsideDown UIInterfaceOrientationLandscapeLeft UIInterfaceOrientationLandscapeRight";
				INFOPLIST_KEY_UISupportedInterfaceOrientations_iPhone = "UIInterfaceOrientationPortrait UIInterfaceOrientationLandscapeLeft UIInterfaceOrientationLandscapeRight";
				LD_RUNPATH_SEARCH_PATHS = (
					"$(inherited)",
					"@executable_path/Frameworks",
				);
				MARKETING_VERSION = 1.0;
				PRODUCT_BUNDLE_IDENTIFIER = jacks.Test.AppleTossUp;
				PRODUCT_NAME = "$(TARGET_NAME)";
				SWIFT_EMIT_LOC_STRINGS = YES;
				SWIFT_VERSION = 5.0;
				TARGETED_DEVICE_FAMILY = "1,2";
			};
			name = Debug;
		};
		3684697E2D03490D007DDAB5 /* Release */ = {
			isa = XCBuildConfiguration;
			buildSettings = {
				ASSETCATALOG_COMPILER_APPICON_NAME = AppIcon;
				ASSETCATALOG_COMPILER_GLOBAL_ACCENT_COLOR_NAME = AccentColor;
				CODE_SIGN_STYLE = Automatic;
				CURRENT_PROJECT_VERSION = 1;
				DEVELOPMENT_ASSET_PATHS = "\"AppleTossUp/Preview Content\"";
				DEVELOPMENT_TEAM = FUFFAUKVY9;
				ENABLE_PREVIEWS = YES;
				GENERATE_INFOPLIST_FILE = YES;
				INFOPLIST_KEY_UIApplicationSceneManifest_Generation = YES;
				INFOPLIST_KEY_UIApplicationSupportsIndirectInputEvents = YES;
				INFOPLIST_KEY_UILaunchScreen_Generation = YES;
				INFOPLIST_KEY_UISupportedInterfaceOrientations_iPad = "UIInterfaceOrientationPortrait UIInterfaceOrientationPortraitUpsideDown UIInterfaceOrientationLandscapeLeft UIInterfaceOrientationLandscapeRight";
				INFOPLIST_KEY_UISupportedInterfaceOrientations_iPhone = "UIInterfaceOrientationPortrait UIInterfaceOrientationLandscapeLeft UIInterfaceOrientationLandscapeRight";
				LD_RUNPATH_SEARCH_PATHS = (
					"$(inherited)",
					"@executable_path/Frameworks",
				);
				MARKETING_VERSION = 1.0;
				PRODUCT_BUNDLE_IDENTIFIER = jacks.Test.AppleTossUp;
				PRODUCT_NAME = "$(TARGET_NAME)";
				SWIFT_EMIT_LOC_STRINGS = YES;
				SWIFT_VERSION = 5.0;
				TARGETED_DEVICE_FAMILY = "1,2";
			};
			name = Release;
		};
		368469802D03490D007DDAB5 /* Debug */ = {
			isa = XCBuildConfiguration;
			buildSettings = {
				BUNDLE_LOADER = "$(TEST_HOST)";
				CODE_SIGN_STYLE = Automatic;
				CURRENT_PROJECT_VERSION = 1;
				DEVELOPMENT_TEAM = FUFFAUKVY9;
				GENERATE_INFOPLIST_FILE = YES;
				IPHONEOS_DEPLOYMENT_TARGET = 18.0;
				MARKETING_VERSION = 1.0;
				PRODUCT_BUNDLE_IDENTIFIER = jacks.Test.AppleTossUpTests;
				PRODUCT_NAME = "$(TARGET_NAME)";
				SWIFT_EMIT_LOC_STRINGS = NO;
				SWIFT_VERSION = 5.0;
				TARGETED_DEVICE_FAMILY = "1,2";
				TEST_HOST = "$(BUILT_PRODUCTS_DIR)/AppleTossUp.app/$(BUNDLE_EXECUTABLE_FOLDER_PATH)/AppleTossUp";
			};
			name = Debug;
		};
		368469812D03490D007DDAB5 /* Release */ = {
			isa = XCBuildConfiguration;
			buildSettings = {
				BUNDLE_LOADER = "$(TEST_HOST)";
				CODE_SIGN_STYLE = Automatic;
				CURRENT_PROJECT_VERSION = 1;
				DEVELOPMENT_TEAM = FUFFAUKVY9;
				GENERATE_INFOPLIST_FILE = YES;
				IPHONEOS_DEPLOYMENT_TARGET = 18.0;
				MARKETING_VERSION = 1.0;
				PRODUCT_BUNDLE_IDENTIFIER = jacks.Test.AppleTossUpTests;
				PRODUCT_NAME = "$(TARGET_NAME)";
				SWIFT_EMIT_LOC_STRINGS = NO;
				SWIFT_VERSION = 5.0;
				TARGETED_DEVICE_FAMILY = "1,2";
				TEST_HOST = "$(BUILT_PRODUCTS_DIR)/AppleTossUp.app/$(BUNDLE_EXECUTABLE_FOLDER_PATH)/AppleTossUp";
			};
			name = Release;
		};
		368469832D03490D007DDAB5 /* Debug */ = {
			isa = XCBuildConfiguration;
			buildSettings = {
				CODE_SIGN_STYLE = Automatic;
				CURRENT_PROJECT_VERSION = 1;
				DEVELOPMENT_TEAM = FUFFAUKVY9;
				GENERATE_INFOPLIST_FILE = YES;
				MARKETING_VERSION = 1.0;
				PRODUCT_BUNDLE_IDENTIFIER = jacks.Test.AppleTossUpUITests;
				PRODUCT_NAME = "$(TARGET_NAME)";
				SWIFT_EMIT_LOC_STRINGS = NO;
				SWIFT_VERSION = 5.0;
				TARGETED_DEVICE_FAMILY = "1,2";
				TEST_TARGET_NAME = AppleTossUp;
			};
			name = Debug;
		};
		368469842D03490D007DDAB5 /* Release */ = {
			isa = XCBuildConfiguration;
			buildSettings = {
				CODE_SIGN_STYLE = Automatic;
				CURRENT_PROJECT_VERSION = 1;
				DEVELOPMENT_TEAM = FUFFAUKVY9;
				GENERATE_INFOPLIST_FILE = YES;
				MARKETING_VERSION = 1.0;
				PRODUCT_BUNDLE_IDENTIFIER = jacks.Test.AppleTossUpUITests;
				PRODUCT_NAME = "$(TARGET_NAME)";
				SWIFT_EMIT_LOC_STRINGS = NO;
				SWIFT_VERSION = 5.0;
				TARGETED_DEVICE_FAMILY = "1,2";
				TEST_TARGET_NAME = AppleTossUp;
			};
			name = Release;
		};
/* End XCBuildConfiguration section */

/* Begin XCConfigurationList section */
		368469532D03490C007DDAB5 /* Build configuration list for PBXProject "AppleTossUp" */ = {
			isa = XCConfigurationList;
			buildConfigurations = (
				3684697A2D03490D007DDAB5 /* Debug */,
				3684697B2D03490D007DDAB5 /* Release */,
			);
			defaultConfigurationIsVisible = 0;
			defaultConfigurationName = Release;
		};
		3684697C2D03490D007DDAB5 /* Build configuration list for PBXNativeTarget "AppleTossUp" */ = {
			isa = XCConfigurationList;
			buildConfigurations = (
				3684697D2D03490D007DDAB5 /* Debug */,
				3684697E2D03490D007DDAB5 /* Release */,
			);
			defaultConfigurationIsVisible = 0;
			defaultConfigurationName = Release;
		};
		3684697F2D03490D007DDAB5 /* Build configuration list for PBXNativeTarget "AppleTossUpTests" */ = {
			isa = XCConfigurationList;
			buildConfigurations = (
				368469802D03490D007DDAB5 /* Debug */,
				368469812D03490D007DDAB5 /* Release */,
			);
			defaultConfigurationIsVisible = 0;
			defaultConfigurationName = Release;
		};
		368469822D03490D007DDAB5 /* Build configuration list for PBXNativeTarget "AppleTossUpUITests" */ = {
			isa = XCConfigurationList;
			buildConfigurations = (
				368469832D03490D007DDAB5 /* Debug */,
				368469842D03490D007DDAB5 /* Release */,
			);
			defaultConfigurationIsVisible = 0;
			defaultConfigurationName = Release;
		};
/* End XCConfigurationList section */
	};
	rootObject = 368469502D03490C007DDAB5 /* Project object */;
}
